{
  "name": "prowellbeing-backend",
  "version": "1.0.0",
  "lockfileVersion": 3,
  "requires": true,
  "packages": {
    "": {
      "dependencies": {
        "bcryptjs": "^2.4.3",
        "cors": "^2.8.5",
        "express": "^4.19.2",
        "mongoose": "^8.7.0"
      },
      "devDependencies": {
        "nodemon": "^3.1.0"
      }
    },
    "node_modules/express": {
      "version": "4.19.2"
    },
    "node_modules/mongoose": {
      "version": "8.7.0"
    }
  }
}
